
Microsoft Visual Studio Solution File, Format Version 12.00
# Visual Studio Version 17
VisualStudioVersion = 17.9.34607.119
MinimumVisualStudioVersion = 10.0.40219.1
Project("{FAE04EC0-301F-11D3-BF4B-00C04F79EFBC}") = "Lab11", "Lab11.csproj", "{CC7EF96D-7CE0-4F9B-B277-7ACB5C3DB42F}"
EndProject
Global
	GlobalSection(SolutionConfigurationPlatforms) = preSolution
		Debug|Any CPU = Debug|Any CPU
		Release|Any CPU = Release|Any CPU
	EndGlobalSection
	GlobalSection(ProjectConfigurationPlatforms) = postSolution
		{CC7EF96D-7CE0-4F9B-B277-7ACB5C3DB42F}.Debug|Any CPU.ActiveCfg = Debug|Any CPU
		{CC7EF96D-7CE0-4F9B-B277-7ACB5C3DB42F}.Debug|Any CPU.Build.0 = Debug|Any CPU
		{CC7EF96D-7CE0-4F9B-B277-7ACB5C3DB42F}.Release|Any CPU.ActiveCfg = Release|Any CPU
		{CC7EF96D-7CE0-4F9B-B277-7ACB5C3DB42F}.Release|Any CPU.Build.0 = Release|Any CPU
	EndGlobalSection
	GlobalSection(SolutionProperties) = preSolution
		HideSolutionNode = FALSE
	EndGlobalSection
	GlobalSection(ExtensibilityGlobals) = postSolution
		SolutionGuid = {A9AD318E-3041-4F42-A65E-8EECA12C53DD}
	EndGlobalSection
EndGlobal
